{
  "name": "DatingApp",
  "lockfileVersion": 2,
  "requires": true,
  "packages": {
    "": {
      "dependencies": {
        "ngx-bootstrap": "^8.0.0"
      }
    },
    "node_modules/@angular/animations": {
      "version": "13.3.3",
      "resolved": "https://registry.npmjs.org/@angular/animations/-/animations-13.3.3.tgz",
      "integrity": "sha512-rP1e0XYjHxPCnvSN3k0ZCBTfIvpKbFI8fxlZMD85PI9HAko5Dc1Y5XCWrcMzdCF4C5nfqbzfzuZke5H3Y46AVQ==",
      "peer": true,
      "dependencies": {
        "tslib": "^2.3.0"
      },
      "engines": {
        "node": "^12.20.0 || ^14.15.0 || >=16.10.0"
      },
      "peerDependencies": {
        "@angular/core": "13.3.3"
      }
    },
    "node_modules/@angular/common": {
      "version": "13.3.3",
      "resolved": "https://registry.npmjs.org/@angular/common/-/common-13.3.3.tgz",
      "integrity": "sha512-W5rZyuilGAA+tHoTbvHHu11efUBssiiX9BKg2rQAwbdnG+hZfNs0ze28Y+2bwjTDkbLsXsQwm30gs2uie7aMyA==",
      "peer": true,
      "dependencies": {
        "tslib": "^2.3.0"
      },
      "engines": {
        "node": "^12.20.0 || ^14.15.0 || >=16.10.0"
      },
      "peerDependencies": {
        "@angular/core": "13.3.3",
        "rxjs": "^6.5.3 || ^7.4.0"
      }
    },
    "node_modules/@angular/core": {
      "version": "13.3.3",
      "resolved": "https://registry.npmjs.org/@angular/core/-/core-13.3.3.tgz",
      "integrity": "sha512-zVsAuR1qT2QEUXDk8ANs+pCnxH7ckKAD+rJXoxI1Br94Ey1o7lNXu/GPJtTqxDbsRd7sGqMMQRti36t2CA5QhA==",
      "peer": true,
      "dependencies": {
        "tslib": "^2.3.0"
      },
      "engines": {
        "node": "^12.20.0 || ^14.15.0 || >=16.10.0"
      },
      "peerDependencies": {
        "rxjs": "^6.5.3 || ^7.4.0",
        "zone.js": "~0.11.4"
      }
    },
    "node_modules/@angular/forms": {
      "version": "13.3.3",
      "resolved": "https://registry.npmjs.org/@angular/forms/-/forms-13.3.3.tgz",
      "integrity": "sha512-C89b7Uu7Acpm+0/JDczIqhNJTEJPdskmnx7AybAoSfBPs9QUSP8irRFKY7UtmE8E/Q2m03xqWRDa8CpP9Rt6Hw==",
      "peer": true,
      "dependencies": {
        "tslib": "^2.3.0"
      },
      "engines": {
        "node": "^12.20.0 || ^14.15.0 || >=16.10.0"
      },
      "peerDependencies": {
        "@angular/common": "13.3.3",
        "@angular/core": "13.3.3",
        "@angular/platform-browser": "13.3.3",
        "rxjs": "^6.5.3 || ^7.4.0"
      }
    },
    "node_modules/@angular/platform-browser": {
      "version": "13.3.3",
      "resolved": "https://registry.npmjs.org/@angular/platform-browser/-/platform-browser-13.3.3.tgz",
      "integrity": "sha512-feVOGwjAZOR4aObjcEaXsj1NH6021sv0bWKSGBVNrR0RuHBXVfF0vRPAhdq3IAL1OcutriHGR52KS7t5x+nChw==",
      "peer": true,
      "dependencies": {
        "tslib": "^2.3.0"
      },
      "engines": {
        "node": "^12.20.0 || ^14.15.0 || >=16.10.0"
      },
      "peerDependencies": {
        "@angular/animations": "13.3.3",
        "@angular/common": "13.3.3",
        "@angular/core": "13.3.3"
      },
      "peerDependenciesMeta": {
        "@angular/animations": {
          "optional": true
        }
      }
    },
    "node_modules/ngx-bootstrap": {
      "version": "8.0.0",
      "resolved": "https://registry.npmjs.org/ngx-bootstrap/-/ngx-bootstrap-8.0.0.tgz",
      "integrity": "sha512-UjJ/57Pr7ctdI2L113QX1IqJPYtOMrp5Qq/RLvUT1TOwPQWPi9LXTQ/7BtipkptQjer7Fk9yueITH3Y8vD+Dmg==",
      "dependencies": {
        "tslib": "^2.0.0"
      },
      "peerDependencies": {
        "@angular/animations": "^13.0.0",
        "@angular/common": "^13.0.0",
        "@angular/core": "^13.0.0",
        "@angular/forms": "^13.0.0",
        "rxjs": "^6.5.3 || ^7.4.0"
      }
    },
    "node_modules/rxjs": {
      "version": "7.5.5",
      "resolved": "https://registry.npmjs.org/rxjs/-/rxjs-7.5.5.tgz",
      "integrity": "sha512-sy+H0pQofO95VDmFLzyaw9xNJU4KTRSwQIGM6+iG3SypAtCiLDzpeG8sJrNCWn2Up9km+KhkvTdbkrdy+yzZdw==",
      "peer": true,
      "dependencies": {
        "tslib": "^2.1.0"
      }
    },
    "node_modules/tslib": {
      "version": "2.3.1",
      "resolved": "https://registry.npmjs.org/tslib/-/tslib-2.3.1.tgz",
      "integrity": "sha512-77EbyPPpMz+FRFRuAFlWMtmgUWGe9UOG2Z25NqCwiIjRhOf5iKGuzSe5P2w1laq+FkRy4p+PCuVkJSGkzTEKVw=="
    },
    "node_modules/zone.js": {
      "version": "0.11.5",
      "resolved": "https://registry.npmjs.org/zone.js/-/zone.js-0.11.5.tgz",
      "integrity": "sha512-D1/7VxEuQ7xk6z/kAROe4SUbd9CzxY4zOwVGnGHerd/SgLIVU5f4esDzQUsOCeArn933BZfWMKydH7l7dPEp0g==",
      "peer": true,
      "dependencies": {
        "tslib": "^2.3.0"
      }
    }
  },
  "dependencies": {
    "@angular/animations": {
      "version": "13.3.3",
      "resolved": "https://registry.npmjs.org/@angular/animations/-/animations-13.3.3.tgz",
      "integrity": "sha512-rP1e0XYjHxPCnvSN3k0ZCBTfIvpKbFI8fxlZMD85PI9HAko5Dc1Y5XCWrcMzdCF4C5nfqbzfzuZke5H3Y46AVQ==",
      "peer": true,
      "requires": {
        "tslib": "^2.3.0"
      }
    },
    "@angular/common": {
      "version": "13.3.3",
      "resolved": "https://registry.npmjs.org/@angular/common/-/common-13.3.3.tgz",
      "integrity": "sha512-W5rZyuilGAA+tHoTbvHHu11efUBssiiX9BKg2rQAwbdnG+hZfNs0ze28Y+2bwjTDkbLsXsQwm30gs2uie7aMyA==",
      "peer": true,
      "requires": {
        "tslib": "^2.3.0"
      }
    },
    "@angular/core": {
      "version": "13.3.3",
      "resolved": "https://registry.npmjs.org/@angular/core/-/core-13.3.3.tgz",
      "integrity": "sha512-zVsAuR1qT2QEUXDk8ANs+pCnxH7ckKAD+rJXoxI1Br94Ey1o7lNXu/GPJtTqxDbsRd7sGqMMQRti36t2CA5QhA==",
      "peer": true,
      "requires": {
        "tslib": "^2.3.0"
      }
    },
    "@angular/forms": {
      "version": "13.3.3",
      "resolved": "https://registry.npmjs.org/@angular/forms/-/forms-13.3.3.tgz",
      "integrity": "sha512-C89b7Uu7Acpm+0/JDczIqhNJTEJPdskmnx7AybAoSfBPs9QUSP8irRFKY7UtmE8E/Q2m03xqWRDa8CpP9Rt6Hw==",
      "peer": true,
      "requires": {
        "tslib": "^2.3.0"
      }
    },
    "@angular/platform-browser": {
      "version": "13.3.3",
      "resolved": "https://registry.npmjs.org/@angular/platform-browser/-/platform-browser-13.3.3.tgz",
      "integrity": "sha512-feVOGwjAZOR4aObjcEaXsj1NH6021sv0bWKSGBVNrR0RuHBXVfF0vRPAhdq3IAL1OcutriHGR52KS7t5x+nChw==",
      "peer": true,
      "requires": {
        "tslib": "^2.3.0"
      }
    },
    "ngx-bootstrap": {
      "version": "8.0.0",
      "resolved": "https://registry.npmjs.org/ngx-bootstrap/-/ngx-bootstrap-8.0.0.tgz",
      "integrity": "sha512-UjJ/57Pr7ctdI2L113QX1IqJPYtOMrp5Qq/RLvUT1TOwPQWPi9LXTQ/7BtipkptQjer7Fk9yueITH3Y8vD+Dmg==",
      "requires": {
        "tslib": "^2.0.0"
      }
    },
    "rxjs": {
      "version": "7.5.5",
      "resolved": "https://registry.npmjs.org/rxjs/-/rxjs-7.5.5.tgz",
      "integrity": "sha512-sy+H0pQofO95VDmFLzyaw9xNJU4KTRSwQIGM6+iG3SypAtCiLDzpeG8sJrNCWn2Up9km+KhkvTdbkrdy+yzZdw==",
      "peer": true,
      "requires": {
        "tslib": "^2.1.0"
      }
    },
    "tslib": {
      "version": "2.3.1",
      "resolved": "https://registry.npmjs.org/tslib/-/tslib-2.3.1.tgz",
      "integrity": "sha512-77EbyPPpMz+FRFRuAFlWMtmgUWGe9UOG2Z25NqCwiIjRhOf5iKGuzSe5P2w1laq+FkRy4p+PCuVkJSGkzTEKVw=="
    },
    "zone.js": {
      "version": "0.11.5",
      "resolved": "https://registry.npmjs.org/zone.js/-/zone.js-0.11.5.tgz",
      "integrity": "sha512-D1/7VxEuQ7xk6z/kAROe4SUbd9CzxY4zOwVGnGHerd/SgLIVU5f4esDzQUsOCeArn933BZfWMKydH7l7dPEp0g==",
      "peer": true,
      "requires": {
        "tslib": "^2.3.0"
      }
    }
  }
}
